
Microsoft Visual Studio Solution File, Format Version 12.00
# Visual Studio Version 17
VisualStudioVersion = 17.1.32328.378
MinimumVisualStudioVersion = 10.0.40219.1
Project("{FAE04EC0-301F-11D3-BF4B-00C04F79EFBC}") = "PL", "PL\PL.csproj", "{8747C5FD-DF3D-436D-8721-13B80B4A97F2}"
EndProject
Project("{FAE04EC0-301F-11D3-BF4B-00C04F79EFBC}") = "BL", "BL\BL.csproj", "{2292D352-8E00-4C2F-8DE1-9BF40BCCEEB2}"
EndProject
Project("{FAE04EC0-301F-11D3-BF4B-00C04F79EFBC}") = "ML", "ML\ML.csproj", "{C687E64C-4538-40AC-B226-74B62335A6F0}"
EndProject
Project("{FAE04EC0-301F-11D3-BF4B-00C04F79EFBC}") = "DL", "DL\DL.csproj", "{4D58B9A5-DEC6-42FF-BF60-C2413ABEF85B}"
EndProject
Global
	GlobalSection(SolutionConfigurationPlatforms) = preSolution
		Debug|Any CPU = Debug|Any CPU
		Release|Any CPU = Release|Any CPU
	EndGlobalSection
	GlobalSection(ProjectConfigurationPlatforms) = postSolution
		{8747C5FD-DF3D-436D-8721-13B80B4A97F2}.Debug|Any CPU.ActiveCfg = Debug|Any CPU
		{8747C5FD-DF3D-436D-8721-13B80B4A97F2}.Debug|Any CPU.Build.0 = Debug|Any CPU
		{8747C5FD-DF3D-436D-8721-13B80B4A97F2}.Release|Any CPU.ActiveCfg = Release|Any CPU
		{8747C5FD-DF3D-436D-8721-13B80B4A97F2}.Release|Any CPU.Build.0 = Release|Any CPU
		{2292D352-8E00-4C2F-8DE1-9BF40BCCEEB2}.Debug|Any CPU.ActiveCfg = Debug|Any CPU
		{2292D352-8E00-4C2F-8DE1-9BF40BCCEEB2}.Debug|Any CPU.Build.0 = Debug|Any CPU
		{2292D352-8E00-4C2F-8DE1-9BF40BCCEEB2}.Release|Any CPU.ActiveCfg = Release|Any CPU
		{2292D352-8E00-4C2F-8DE1-9BF40BCCEEB2}.Release|Any CPU.Build.0 = Release|Any CPU
		{C687E64C-4538-40AC-B226-74B62335A6F0}.Debug|Any CPU.ActiveCfg = Debug|Any CPU
		{C687E64C-4538-40AC-B226-74B62335A6F0}.Debug|Any CPU.Build.0 = Debug|Any CPU
		{C687E64C-4538-40AC-B226-74B62335A6F0}.Release|Any CPU.ActiveCfg = Release|Any CPU
		{C687E64C-4538-40AC-B226-74B62335A6F0}.Release|Any CPU.Build.0 = Release|Any CPU
		{4D58B9A5-DEC6-42FF-BF60-C2413ABEF85B}.Debug|Any CPU.ActiveCfg = Debug|Any CPU
		{4D58B9A5-DEC6-42FF-BF60-C2413ABEF85B}.Debug|Any CPU.Build.0 = Debug|Any CPU
		{4D58B9A5-DEC6-42FF-BF60-C2413ABEF85B}.Release|Any CPU.ActiveCfg = Release|Any CPU
		{4D58B9A5-DEC6-42FF-BF60-C2413ABEF85B}.Release|Any CPU.Build.0 = Release|Any CPU
	EndGlobalSection
	GlobalSection(SolutionProperties) = preSolution
		HideSolutionNode = FALSE
	EndGlobalSection
	GlobalSection(ExtensibilityGlobals) = postSolution
		SolutionGuid = {060E27F7-9CD6-4583-BB26-8868642D6E55}
	EndGlobalSection
EndGlobal
